
Microsoft Visual Studio Solution File, Format Version 12.00
# Visual Studio 15
VisualStudioVersion = 15.0.28010.2026
MinimumVisualStudioVersion = 10.0.40219.1
Project("{FAE04EC0-301F-11D3-BF4B-00C04F79EFBC}") = "ChatServerConsole", "ChatServerConsole\ChatServerConsole.csproj", "{2649D6FA-9353-45A5-8664-547C8D45FB78}"
EndProject
Project("{FAE04EC0-301F-11D3-BF4B-00C04F79EFBC}") = "ChatClientWindowsForm", "ChatClientWindowsForm\ChatClientWindowsForm.csproj", "{616C6A3F-A8CA-4C9F-B543-B058A953306A}"
EndProject
Global
	GlobalSection(SolutionConfigurationPlatforms) = preSolution
		Debug|Any CPU = Debug|Any CPU
		Release|Any CPU = Release|Any CPU
	EndGlobalSection
	GlobalSection(ProjectConfigurationPlatforms) = postSolution
		{2649D6FA-9353-45A5-8664-547C8D45FB78}.Debug|Any CPU.ActiveCfg = Debug|Any CPU
		{2649D6FA-9353-45A5-8664-547C8D45FB78}.Debug|Any CPU.Build.0 = Debug|Any CPU
		{2649D6FA-9353-45A5-8664-547C8D45FB78}.Release|Any CPU.ActiveCfg = Release|Any CPU
		{2649D6FA-9353-45A5-8664-547C8D45FB78}.Release|Any CPU.Build.0 = Release|Any CPU
		{616C6A3F-A8CA-4C9F-B543-B058A953306A}.Debug|Any CPU.ActiveCfg = Debug|Any CPU
		{616C6A3F-A8CA-4C9F-B543-B058A953306A}.Debug|Any CPU.Build.0 = Debug|Any CPU
		{616C6A3F-A8CA-4C9F-B543-B058A953306A}.Release|Any CPU.ActiveCfg = Release|Any CPU
		{616C6A3F-A8CA-4C9F-B543-B058A953306A}.Release|Any CPU.Build.0 = Release|Any CPU
	EndGlobalSection
	GlobalSection(SolutionProperties) = preSolution
		HideSolutionNode = FALSE
	EndGlobalSection
	GlobalSection(ExtensibilityGlobals) = postSolution
		SolutionGuid = {D5A33EF7-9821-468D-8625-8DF09DD7608F}
	EndGlobalSection
EndGlobal
